{
  "requires": true,
  "lockfileVersion": 1,
  "dependencies": {
    "@types/events": {
      "version": "1.2.0",
      "resolved": "https://registry.npmjs.org/@types/events/-/events-1.2.0.tgz",
      "integrity": "sha512-KEIlhXnIutzKwRbQkGWb/I4HFqBuUykAdHgDED6xqwXJfONCjF5VoE0cXEiurh3XauygxzeDzgtXUqvLkxFzzA=="
    },
    "@types/jquery": {
      "version": "3.3.1",
      "resolved": "https://registry.npmjs.org/@types/jquery/-/jquery-3.3.1.tgz",
      "integrity": "sha512-N3h+rzN518yl2xKrW0o6KKdNmWZ+OwG6SoM5TBEQFF0tTv5wXPEsoOuYQ2Kt3/89XbcSZUJLdjiT/2c3BR/ApQ==",
      "dev": true
    },
    "@types/node": {
      "version": "10.0.2",
      "resolved": "https://registry.npmjs.org/@types/node/-/node-10.0.2.tgz",
      "integrity": "sha512-DPbG0qQ5kdvXBK0jGdv1yd8vGN7hwH8sB2Q1z1kGaxtCnXkSxYJ009VccGlcgknYoLeMTYu4TTzOditDJMdP2Q=="
    },
    "@types/puppeteer": {
      "version": "1.3.0",
      "resolved": "https://registry.npmjs.org/@types/puppeteer/-/puppeteer-1.3.0.tgz",
      "integrity": "sha512-kp1R8cTYymvYezTYWSECtSEDbxnCQaNe3i+fdsZh3dVz7umB8q6LATv0VdJp1DT0evS8YqCrFI5+DaDYJYo6Vg==",
      "requires": {
        "@types/events": "1.2.0",
        "@types/node": "10.0.2"
      }
    }
  }
}
